
Microsoft Visual Studio Solution File, Format Version 12.00
# Visual Studio 15
VisualStudioVersion = 15.0.28010.2019
MinimumVisualStudioVersion = 10.0.40219.1
Project("{FAE04EC0-301F-11D3-BF4B-00C04F79EFBC}") = "SocialService", "SocialService\SocialService.csproj", "{CBBB4099-ED91-4676-ADDA-7A4D83F40FEF}"
EndProject
Global
	GlobalSection(SolutionConfigurationPlatforms) = preSolution
		Debug|Any CPU = Debug|Any CPU
		Release|Any CPU = Release|Any CPU
	EndGlobalSection
	GlobalSection(ProjectConfigurationPlatforms) = postSolution
		{CBBB4099-ED91-4676-ADDA-7A4D83F40FEF}.Debug|Any CPU.ActiveCfg = Debug|Any CPU
		{CBBB4099-ED91-4676-ADDA-7A4D83F40FEF}.Debug|Any CPU.Build.0 = Debug|Any CPU
		{CBBB4099-ED91-4676-ADDA-7A4D83F40FEF}.Release|Any CPU.ActiveCfg = Release|Any CPU
		{CBBB4099-ED91-4676-ADDA-7A4D83F40FEF}.Release|Any CPU.Build.0 = Release|Any CPU
	EndGlobalSection
	GlobalSection(SolutionProperties) = preSolution
		HideSolutionNode = FALSE
	EndGlobalSection
	GlobalSection(ExtensibilityGlobals) = postSolution
		SolutionGuid = {7CD33280-E33F-4CFF-BD0C-08F4091D42A3}
	EndGlobalSection
EndGlobal
